
Microsoft Visual Studio Solution File, Format Version 12.00
# Visual Studio Version 16
VisualStudioVersion = 16.0.30011.22
MinimumVisualStudioVersion = 10.0.40219.1
Project("{FAE04EC0-301F-11D3-BF4B-00C04F79EFBC}") = "MiniBot.Application", "MiniBot.Application\MiniBot.Application.csproj", "{78B51057-3C0F-40E9-8526-E10BFC32E216}"
EndProject
Project("{FAE04EC0-301F-11D3-BF4B-00C04F79EFBC}") = "MiniBot.Infra.CrossCutting", "MiniBot.CrossCutting\MiniBot.Infra.CrossCutting.csproj", "{6FA6BA41-E9CB-4DA9-9543-8637980B5335}"
EndProject
Project("{FAE04EC0-301F-11D3-BF4B-00C04F79EFBC}") = "MiniBot.Domain", "MiniBot.Domain\MiniBot.Domain.csproj", "{FF873FB1-5E45-4AD9-B767-1805AE94C717}"
EndProject
Project("{2150E333-8FDC-42A3-9474-1A3956D46DE8}") = "src", "src", "{C3BFA740-A331-4150-9137-203C208CBDAE}"
EndProject
Project("{2150E333-8FDC-42A3-9474-1A3956D46DE8}") = "1 - Application", "1 - Application", "{906787A6-B605-40C8-9CCF-CB59A93766E6}"
EndProject
Project("{2150E333-8FDC-42A3-9474-1A3956D46DE8}") = "2 - Domain", "2 - Domain", "{79104FBB-4CBA-44A7-9B01-09F6C33B6CA9}"
EndProject
Project("{2150E333-8FDC-42A3-9474-1A3956D46DE8}") = "3 - Infra", "3 - Infra", "{14283453-14A0-4A24-8683-5E8E2B775600}"
EndProject
Project("{FAE04EC0-301F-11D3-BF4B-00C04F79EFBC}") = "MiniBot.Infra.CrossCutting.Pinvoke", "MiniBot.Infra.CrossCutting.Pinvoke\MiniBot.Infra.CrossCutting.Pinvoke.csproj", "{72DFB062-C9F8-4CA8-90CD-662939B15550}"
EndProject
Global
	GlobalSection(SolutionConfigurationPlatforms) = preSolution
		Debug|Any CPU = Debug|Any CPU
		Release|Any CPU = Release|Any CPU
	EndGlobalSection
	GlobalSection(ProjectConfigurationPlatforms) = postSolution
		{78B51057-3C0F-40E9-8526-E10BFC32E216}.Debug|Any CPU.ActiveCfg = Debug|Any CPU
		{78B51057-3C0F-40E9-8526-E10BFC32E216}.Debug|Any CPU.Build.0 = Debug|Any CPU
		{78B51057-3C0F-40E9-8526-E10BFC32E216}.Release|Any CPU.ActiveCfg = Release|Any CPU
		{78B51057-3C0F-40E9-8526-E10BFC32E216}.Release|Any CPU.Build.0 = Release|Any CPU
		{6FA6BA41-E9CB-4DA9-9543-8637980B5335}.Debug|Any CPU.ActiveCfg = Debug|Any CPU
		{6FA6BA41-E9CB-4DA9-9543-8637980B5335}.Debug|Any CPU.Build.0 = Debug|Any CPU
		{6FA6BA41-E9CB-4DA9-9543-8637980B5335}.Release|Any CPU.ActiveCfg = Release|Any CPU
		{6FA6BA41-E9CB-4DA9-9543-8637980B5335}.Release|Any CPU.Build.0 = Release|Any CPU
		{FF873FB1-5E45-4AD9-B767-1805AE94C717}.Debug|Any CPU.ActiveCfg = Debug|Any CPU
		{FF873FB1-5E45-4AD9-B767-1805AE94C717}.Debug|Any CPU.Build.0 = Debug|Any CPU
		{FF873FB1-5E45-4AD9-B767-1805AE94C717}.Release|Any CPU.ActiveCfg = Release|Any CPU
		{FF873FB1-5E45-4AD9-B767-1805AE94C717}.Release|Any CPU.Build.0 = Release|Any CPU
		{72DFB062-C9F8-4CA8-90CD-662939B15550}.Debug|Any CPU.ActiveCfg = Debug|Any CPU
		{72DFB062-C9F8-4CA8-90CD-662939B15550}.Debug|Any CPU.Build.0 = Debug|Any CPU
		{72DFB062-C9F8-4CA8-90CD-662939B15550}.Release|Any CPU.ActiveCfg = Release|Any CPU
		{72DFB062-C9F8-4CA8-90CD-662939B15550}.Release|Any CPU.Build.0 = Release|Any CPU
	EndGlobalSection
	GlobalSection(SolutionProperties) = preSolution
		HideSolutionNode = FALSE
	EndGlobalSection
	GlobalSection(NestedProjects) = preSolution
		{78B51057-3C0F-40E9-8526-E10BFC32E216} = {906787A6-B605-40C8-9CCF-CB59A93766E6}
		{6FA6BA41-E9CB-4DA9-9543-8637980B5335} = {14283453-14A0-4A24-8683-5E8E2B775600}
		{FF873FB1-5E45-4AD9-B767-1805AE94C717} = {79104FBB-4CBA-44A7-9B01-09F6C33B6CA9}
		{906787A6-B605-40C8-9CCF-CB59A93766E6} = {C3BFA740-A331-4150-9137-203C208CBDAE}
		{79104FBB-4CBA-44A7-9B01-09F6C33B6CA9} = {C3BFA740-A331-4150-9137-203C208CBDAE}
		{14283453-14A0-4A24-8683-5E8E2B775600} = {C3BFA740-A331-4150-9137-203C208CBDAE}
		{72DFB062-C9F8-4CA8-90CD-662939B15550} = {14283453-14A0-4A24-8683-5E8E2B775600}
	EndGlobalSection
	GlobalSection(ExtensibilityGlobals) = postSolution
		SolutionGuid = {76470A04-C8BE-4392-9916-108975FC346B}
	EndGlobalSection
EndGlobal
